
Microsoft Visual Studio Solution File, Format Version 12.00
# Visual Studio 15
VisualStudioVersion = 15.0.28307.102
MinimumVisualStudioVersion = 10.0.40219.1
Project("{FAE04EC0-301F-11D3-BF4B-00C04F79EFBC}") = "sales.Android", "sales\sales.Android\sales.Android.csproj", "{5666F384-B5CD-47DE-9F48-0E143E5A88E7}"
EndProject
Project("{FAE04EC0-301F-11D3-BF4B-00C04F79EFBC}") = "sales.iOS", "sales\sales.iOS\sales.iOS.csproj", "{701C8126-6699-4C25-8ADB-AF165401B892}"
EndProject
Project("{FAE04EC0-301F-11D3-BF4B-00C04F79EFBC}") = "sales.UWP", "sales\sales.UWP\sales.UWP.csproj", "{7CC73F30-9BF1-4F63-9BBE-8CACAC68340C}"
EndProject
Project("{9A19103F-16F7-4668-BE54-9A1E7A4F7556}") = "sales", "sales\sales\sales.csproj", "{398036DE-2CA9-44B7-88D4-738562FFDE28}"
EndProject
Project("{FAE04EC0-301F-11D3-BF4B-00C04F79EFBC}") = "sales.Backend", "sales.Backend\sales.Backend.csproj", "{110EDCC1-2612-48BB-A76D-3604F63EE3A6}"
EndProject
Project("{FAE04EC0-301F-11D3-BF4B-00C04F79EFBC}") = "sales.API", "sales.API\sales.API.csproj", "{53602D56-5138-4ECC-B753-F43F3DB4F62D}"
EndProject
Project("{FAE04EC0-301F-11D3-BF4B-00C04F79EFBC}") = "sales.Domain", "sales.Domain\sales.Domain.csproj", "{51048DA1-C0CE-489F-BA5A-61D1E01320ED}"
EndProject
Project("{FAE04EC0-301F-11D3-BF4B-00C04F79EFBC}") = "sales.Common", "sales.Common\sales.Common.csproj", "{5693EB56-2E24-4AC3-AA3E-B63491109FD8}"
EndProject
Global
	GlobalSection(SolutionConfigurationPlatforms) = preSolution
		Ad-Hoc|Any CPU = Ad-Hoc|Any CPU
		Ad-Hoc|ARM = Ad-Hoc|ARM
		Ad-Hoc|iPhone = Ad-Hoc|iPhone
		Ad-Hoc|iPhoneSimulator = Ad-Hoc|iPhoneSimulator
		Ad-Hoc|x64 = Ad-Hoc|x64
		Ad-Hoc|x86 = Ad-Hoc|x86
		AppStore|Any CPU = AppStore|Any CPU
		AppStore|ARM = AppStore|ARM
		AppStore|iPhone = AppStore|iPhone
		AppStore|iPhoneSimulator = AppStore|iPhoneSimulator
		AppStore|x64 = AppStore|x64
		AppStore|x86 = AppStore|x86
		Debug|Any CPU = Debug|Any CPU
		Debug|ARM = Debug|ARM
		Debug|iPhone = Debug|iPhone
		Debug|iPhoneSimulator = Debug|iPhoneSimulator
		Debug|x64 = Debug|x64
		Debug|x86 = Debug|x86
		Release|Any CPU = Release|Any CPU
		Release|ARM = Release|ARM
		Release|iPhone = Release|iPhone
		Release|iPhoneSimulator = Release|iPhoneSimulator
		Release|x64 = Release|x64
		Release|x86 = Release|x86
	EndGlobalSection
	GlobalSection(ProjectConfigurationPlatforms) = postSolution
		{5666F384-B5CD-47DE-9F48-0E143E5A88E7}.Ad-Hoc|Any CPU.ActiveCfg = Release|Any CPU
		{5666F384-B5CD-47DE-9F48-0E143E5A88E7}.Ad-Hoc|Any CPU.Build.0 = Release|Any CPU
		{5666F384-B5CD-47DE-9F48-0E143E5A88E7}.Ad-Hoc|Any CPU.Deploy.0 = Release|Any CPU
		{5666F384-B5CD-47DE-9F48-0E143E5A88E7}.Ad-Hoc|ARM.ActiveCfg = Release|Any CPU
		{5666F384-B5CD-47DE-9F48-0E143E5A88E7}.Ad-Hoc|ARM.Build.0 = Release|Any CPU
		{5666F384-B5CD-47DE-9F48-0E143E5A88E7}.Ad-Hoc|ARM.Deploy.0 = Release|Any CPU
		{5666F384-B5CD-47DE-9F48-0E143E5A88E7}.Ad-Hoc|iPhone.ActiveCfg = Release|Any CPU
		{5666F384-B5CD-47DE-9F48-0E143E5A88E7}.Ad-Hoc|iPhone.Build.0 = Release|Any CPU
		{5666F384-B5CD-47DE-9F48-0E143E5A88E7}.Ad-Hoc|iPhone.Deploy.0 = Release|Any CPU
		{5666F384-B5CD-47DE-9F48-0E143E5A88E7}.Ad-Hoc|iPhoneSimulator.ActiveCfg = Release|Any CPU
		{5666F384-B5CD-47DE-9F48-0E143E5A88E7}.Ad-Hoc|iPhoneSimulator.Build.0 = Release|Any CPU
		{5666F384-B5CD-47DE-9F48-0E143E5A88E7}.Ad-Hoc|iPhoneSimulator.Deploy.0 = Release|Any CPU
		{5666F384-B5CD-47DE-9F48-0E143E5A88E7}.Ad-Hoc|x64.ActiveCfg = Release|Any CPU
		{5666F384-B5CD-47DE-9F48-0E143E5A88E7}.Ad-Hoc|x64.Build.0 = Release|Any CPU
		{5666F384-B5CD-47DE-9F48-0E143E5A88E7}.Ad-Hoc|x64.Deploy.0 = Release|Any CPU
		{5666F384-B5CD-47DE-9F48-0E143E5A88E7}.Ad-Hoc|x86.ActiveCfg = Release|Any CPU
		{5666F384-B5CD-47DE-9F48-0E143E5A88E7}.Ad-Hoc|x86.Build.0 = Release|Any CPU
		{5666F384-B5CD-47DE-9F48-0E143E5A88E7}.Ad-Hoc|x86.Deploy.0 = Release|Any CPU
		{5666F384-B5CD-47DE-9F48-0E143E5A88E7}.AppStore|Any CPU.ActiveCfg = Release|Any CPU
		{5666F384-B5CD-47DE-9F48-0E143E5A88E7}.AppStore|Any CPU.Build.0 = Release|Any CPU
		{5666F384-B5CD-47DE-9F48-0E143E5A88E7}.AppStore|Any CPU.Deploy.0 = Release|Any CPU
		{5666F384-B5CD-47DE-9F48-0E143E5A88E7}.AppStore|ARM.ActiveCfg = Release|Any CPU
		{5666F384-B5CD-47DE-9F48-0E143E5A88E7}.AppStore|ARM.Build.0 = Release|Any CPU
		{5666F384-B5CD-47DE-9F48-0E143E5A88E7}.AppStore|ARM.Deploy.0 = Release|Any CPU
		{5666F384-B5CD-47DE-9F48-0E143E5A88E7}.AppStore|iPhone.ActiveCfg = Release|Any CPU
		{5666F384-B5CD-47DE-9F48-0E143E5A88E7}.AppStore|iPhone.Build.0 = Release|Any CPU
		{5666F384-B5CD-47DE-9F48-0E143E5A88E7}.AppStore|iPhone.Deploy.0 = Release|Any CPU
		{5666F384-B5CD-47DE-9F48-0E143E5A88E7}.AppStore|iPhoneSimulator.ActiveCfg = Release|Any CPU
		{5666F384-B5CD-47DE-9F48-0E143E5A88E7}.AppStore|iPhoneSimulator.Build.0 = Release|Any CPU
		{5666F384-B5CD-47DE-9F48-0E143E5A88E7}.AppStore|iPhoneSimulator.Deploy.0 = Release|Any CPU
		{5666F384-B5CD-47DE-9F48-0E143E5A88E7}.AppStore|x64.ActiveCfg = Release|Any CPU
		{5666F384-B5CD-47DE-9F48-0E143E5A88E7}.AppStore|x64.Build.0 = Release|Any CPU
		{5666F384-B5CD-47DE-9F48-0E143E5A88E7}.AppStore|x64.Deploy.0 = Release|Any CPU
		{5666F384-B5CD-47DE-9F48-0E143E5A88E7}.AppStore|x86.ActiveCfg = Release|Any CPU
		{5666F384-B5CD-47DE-9F48-0E143E5A88E7}.AppStore|x86.Build.0 = Release|Any CPU
		{5666F384-B5CD-47DE-9F48-0E143E5A88E7}.AppStore|x86.Deploy.0 = Release|Any CPU
		{5666F384-B5CD-47DE-9F48-0E143E5A88E7}.Debug|Any CPU.ActiveCfg = Debug|Any CPU
		{5666F384-B5CD-47DE-9F48-0E143E5A88E7}.Debug|Any CPU.Build.0 = Debug|Any CPU
		{5666F384-B5CD-47DE-9F48-0E143E5A88E7}.Debug|Any CPU.Deploy.0 = Debug|Any CPU
		{5666F384-B5CD-47DE-9F48-0E143E5A88E7}.Debug|ARM.ActiveCfg = Debug|Any CPU
		{5666F384-B5CD-47DE-9F48-0E143E5A88E7}.Debug|ARM.Build.0 = Debug|Any CPU
		{5666F384-B5CD-47DE-9F48-0E143E5A88E7}.Debug|ARM.Deploy.0 = Debug|Any CPU
		{5666F384-B5CD-47DE-9F48-0E143E5A88E7}.Debug|iPhone.ActiveCfg = Debug|Any CPU
		{5666F384-B5CD-47DE-9F48-0E143E5A88E7}.Debug|iPhone.Build.0 = Debug|Any CPU
		{5666F384-B5CD-47DE-9F48-0E143E5A88E7}.Debug|iPhone.Deploy.0 = Debug|Any CPU
		{5666F384-B5CD-47DE-9F48-0E143E5A88E7}.Debug|iPhoneSimulator.ActiveCfg = Debug|Any CPU
		{5666F384-B5CD-47DE-9F48-0E143E5A88E7}.Debug|iPhoneSimulator.Build.0 = Debug|Any CPU
		{5666F384-B5CD-47DE-9F48-0E143E5A88E7}.Debug|iPhoneSimulator.Deploy.0 = Debug|Any CPU
		{5666F384-B5CD-47DE-9F48-0E143E5A88E7}.Debug|x64.ActiveCfg = Debug|Any CPU
		{5666F384-B5CD-47DE-9F48-0E143E5A88E7}.Debug|x64.Build.0 = Debug|Any CPU
		{5666F384-B5CD-47DE-9F48-0E143E5A88E7}.Debug|x64.Deploy.0 = Debug|Any CPU
		{5666F384-B5CD-47DE-9F48-0E143E5A88E7}.Debug|x86.ActiveCfg = Debug|Any CPU
		{5666F384-B5CD-47DE-9F48-0E143E5A88E7}.Debug|x86.Build.0 = Debug|Any CPU
		{5666F384-B5CD-47DE-9F48-0E143E5A88E7}.Debug|x86.Deploy.0 = Debug|Any CPU
		{5666F384-B5CD-47DE-9F48-0E143E5A88E7}.Release|Any CPU.ActiveCfg = Release|Any CPU
		{5666F384-B5CD-47DE-9F48-0E143E5A88E7}.Release|Any CPU.Build.0 = Release|Any CPU
		{5666F384-B5CD-47DE-9F48-0E143E5A88E7}.Release|Any CPU.Deploy.0 = Release|Any CPU
		{5666F384-B5CD-47DE-9F48-0E143E5A88E7}.Release|ARM.ActiveCfg = Release|Any CPU
		{5666F384-B5CD-47DE-9F48-0E143E5A88E7}.Release|ARM.Build.0 = Release|Any CPU
		{5666F384-B5CD-47DE-9F48-0E143E5A88E7}.Release|ARM.Deploy.0 = Release|Any CPU
		{5666F384-B5CD-47DE-9F48-0E143E5A88E7}.Release|iPhone.ActiveCfg = Release|Any CPU
		{5666F384-B5CD-47DE-9F48-0E143E5A88E7}.Release|iPhone.Build.0 = Release|Any CPU
		{5666F384-B5CD-47DE-9F48-0E143E5A88E7}.Release|iPhone.Deploy.0 = Release|Any CPU
		{5666F384-B5CD-47DE-9F48-0E143E5A88E7}.Release|iPhoneSimulator.ActiveCfg = Release|Any CPU
		{5666F384-B5CD-47DE-9F48-0E143E5A88E7}.Release|iPhoneSimulator.Build.0 = Release|Any CPU
		{5666F384-B5CD-47DE-9F48-0E143E5A88E7}.Release|iPhoneSimulator.Deploy.0 = Release|Any CPU
		{5666F384-B5CD-47DE-9F48-0E143E5A88E7}.Release|x64.ActiveCfg = Release|Any CPU
		{5666F384-B5CD-47DE-9F48-0E143E5A88E7}.Release|x64.Build.0 = Release|Any CPU
		{5666F384-B5CD-47DE-9F48-0E143E5A88E7}.Release|x64.Deploy.0 = Release|Any CPU
		{5666F384-B5CD-47DE-9F48-0E143E5A88E7}.Release|x86.ActiveCfg = Release|Any CPU
		{5666F384-B5CD-47DE-9F48-0E143E5A88E7}.Release|x86.Build.0 = Release|Any CPU
		{5666F384-B5CD-47DE-9F48-0E143E5A88E7}.Release|x86.Deploy.0 = Release|Any CPU
		{701C8126-6699-4C25-8ADB-AF165401B892}.Ad-Hoc|Any CPU.ActiveCfg = Ad-Hoc|iPhone
		{701C8126-6699-4C25-8ADB-AF165401B892}.Ad-Hoc|Any CPU.Build.0 = Ad-Hoc|iPhone
		{701C8126-6699-4C25-8ADB-AF165401B892}.Ad-Hoc|Any CPU.Deploy.0 = Ad-Hoc|iPhone
		{701C8126-6699-4C25-8ADB-AF165401B892}.Ad-Hoc|ARM.ActiveCfg = Ad-Hoc|iPhone
		{701C8126-6699-4C25-8ADB-AF165401B892}.Ad-Hoc|ARM.Build.0 = Ad-Hoc|iPhone
		{701C8126-6699-4C25-8ADB-AF165401B892}.Ad-Hoc|ARM.Deploy.0 = Ad-Hoc|iPhone
		{701C8126-6699-4C25-8ADB-AF165401B892}.Ad-Hoc|iPhone.ActiveCfg = Ad-Hoc|iPhone
		{701C8126-6699-4C25-8ADB-AF165401B892}.Ad-Hoc|iPhone.Build.0 = Ad-Hoc|iPhone
		{701C8126-6699-4C25-8ADB-AF165401B892}.Ad-Hoc|iPhone.Deploy.0 = Ad-Hoc|iPhone
		{701C8126-6699-4C25-8ADB-AF165401B892}.Ad-Hoc|iPhoneSimulator.ActiveCfg = Ad-Hoc|iPhoneSimulator
		{701C8126-6699-4C25-8ADB-AF165401B892}.Ad-Hoc|iPhoneSimulator.Build.0 = Ad-Hoc|iPhoneSimulator
		{701C8126-6699-4C25-8ADB-AF165401B892}.Ad-Hoc|iPhoneSimulator.Deploy.0 = Ad-Hoc|iPhoneSimulator
		{701C8126-6699-4C25-8ADB-AF165401B892}.Ad-Hoc|x64.ActiveCfg = Ad-Hoc|iPhone
		{701C8126-6699-4C25-8ADB-AF165401B892}.Ad-Hoc|x64.Build.0 = Ad-Hoc|iPhone
		{701C8126-6699-4C25-8ADB-AF165401B892}.Ad-Hoc|x64.Deploy.0 = Ad-Hoc|iPhone
		{701C8126-6699-4C25-8ADB-AF165401B892}.Ad-Hoc|x86.ActiveCfg = Ad-Hoc|iPhone
		{701C8126-6699-4C25-8ADB-AF165401B892}.Ad-Hoc|x86.Build.0 = Ad-Hoc|iPhone
		{701C8126-6699-4C25-8ADB-AF165401B892}.Ad-Hoc|x86.Deploy.0 = Ad-Hoc|iPhone
		{701C8126-6699-4C25-8ADB-AF165401B892}.AppStore|Any CPU.ActiveCfg = AppStore|iPhone
		{701C8126-6699-4C25-8ADB-AF165401B892}.AppStore|Any CPU.Build.0 = AppStore|iPhone
		{701C8126-6699-4C25-8ADB-AF165401B892}.AppStore|Any CPU.Deploy.0 = AppStore|iPhone
		{701C8126-6699-4C25-8ADB-AF165401B892}.AppStore|ARM.ActiveCfg = AppStore|iPhone
		{701C8126-6699-4C25-8ADB-AF165401B892}.AppStore|ARM.Build.0 = AppStore|iPhone
		{701C8126-6699-4C25-8ADB-AF165401B892}.AppStore|ARM.Deploy.0 = AppStore|iPhone
		{701C8126-6699-4C25-8ADB-AF165401B892}.AppStore|iPhone.ActiveCfg = AppStore|iPhone
		{701C8126-6699-4C25-8ADB-AF165401B892}.AppStore|iPhone.Build.0 = AppStore|iPhone
		{701C8126-6699-4C25-8ADB-AF165401B892}.AppStore|iPhone.Deploy.0 = AppStore|iPhone
		{701C8126-6699-4C25-8ADB-AF165401B892}.AppStore|iPhoneSimulator.ActiveCfg = AppStore|iPhoneSimulator
		{701C8126-6699-4C25-8ADB-AF165401B892}.AppStore|iPhoneSimulator.Build.0 = AppStore|iPhoneSimulator
		{701C8126-6699-4C25-8ADB-AF165401B892}.AppStore|iPhoneSimulator.Deploy.0 = AppStore|iPhoneSimulator
		{701C8126-6699-4C25-8ADB-AF165401B892}.AppStore|x64.ActiveCfg = AppStore|iPhone
		{701C8126-6699-4C25-8ADB-AF165401B892}.AppStore|x64.Build.0 = AppStore|iPhone
		{701C8126-6699-4C25-8ADB-AF165401B892}.AppStore|x64.Deploy.0 = AppStore|iPhone
		{701C8126-6699-4C25-8ADB-AF165401B892}.AppStore|x86.ActiveCfg = AppStore|iPhone
		{701C8126-6699-4C25-8ADB-AF165401B892}.AppStore|x86.Build.0 = AppStore|iPhone
		{701C8126-6699-4C25-8ADB-AF165401B892}.AppStore|x86.Deploy.0 = AppStore|iPhone
		{701C8126-6699-4C25-8ADB-AF165401B892}.Debug|Any CPU.ActiveCfg = Debug|iPhoneSimulator
		{701C8126-6699-4C25-8ADB-AF165401B892}.Debug|Any CPU.Build.0 = Debug|iPhoneSimulator
		{701C8126-6699-4C25-8ADB-AF165401B892}.Debug|Any CPU.Deploy.0 = Debug|iPhoneSimulator
		{701C8126-6699-4C25-8ADB-AF165401B892}.Debug|ARM.ActiveCfg = Debug|iPhone
		{701C8126-6699-4C25-8ADB-AF165401B892}.Debug|ARM.Build.0 = Debug|iPhone
		{701C8126-6699-4C25-8ADB-AF165401B892}.Debug|ARM.Deploy.0 = Debug|iPhone
		{701C8126-6699-4C25-8ADB-AF165401B892}.Debug|iPhone.ActiveCfg = Debug|iPhone
		{701C8126-6699-4C25-8ADB-AF165401B892}.Debug|iPhone.Build.0 = Debug|iPhone
		{701C8126-6699-4C25-8ADB-AF165401B892}.Debug|iPhone.Deploy.0 = Debug|iPhone
		{701C8126-6699-4C25-8ADB-AF165401B892}.Debug|iPhoneSimulator.ActiveCfg = Debug|iPhoneSimulator
		{701C8126-6699-4C25-8ADB-AF165401B892}.Debug|iPhoneSimulator.Build.0 = Debug|iPhoneSimulator
		{701C8126-6699-4C25-8ADB-AF165401B892}.Debug|iPhoneSimulator.Deploy.0 = Debug|iPhoneSimulator
		{701C8126-6699-4C25-8ADB-AF165401B892}.Debug|x64.ActiveCfg = Debug|iPhone
		{701C8126-6699-4C25-8ADB-AF165401B892}.Debug|x64.Build.0 = Debug|iPhone
		{701C8126-6699-4C25-8ADB-AF165401B892}.Debug|x64.Deploy.0 = Debug|iPhone
		{701C8126-6699-4C25-8ADB-AF165401B892}.Debug|x86.ActiveCfg = Debug|iPhone
		{701C8126-6699-4C25-8ADB-AF165401B892}.Debug|x86.Build.0 = Debug|iPhone
		{701C8126-6699-4C25-8ADB-AF165401B892}.Debug|x86.Deploy.0 = Debug|iPhone
		{701C8126-6699-4C25-8ADB-AF165401B892}.Release|Any CPU.ActiveCfg = Release|iPhone
		{701C8126-6699-4C25-8ADB-AF165401B892}.Release|Any CPU.Build.0 = Release|iPhone
		{701C8126-6699-4C25-8ADB-AF165401B892}.Release|Any CPU.Deploy.0 = Release|iPhone
		{701C8126-6699-4C25-8ADB-AF165401B892}.Release|ARM.ActiveCfg = Release|iPhone
		{701C8126-6699-4C25-8ADB-AF165401B892}.Release|ARM.Build.0 = Release|iPhone
		{701C8126-6699-4C25-8ADB-AF165401B892}.Release|ARM.Deploy.0 = Release|iPhone
		{701C8126-6699-4C25-8ADB-AF165401B892}.Release|iPhone.ActiveCfg = Release|iPhone
		{701C8126-6699-4C25-8ADB-AF165401B892}.Release|iPhone.Build.0 = Release|iPhone
		{701C8126-6699-4C25-8ADB-AF165401B892}.Release|iPhone.Deploy.0 = Release|iPhone
		{701C8126-6699-4C25-8ADB-AF165401B892}.Release|iPhoneSimulator.ActiveCfg = Release|iPhoneSimulator
		{701C8126-6699-4C25-8ADB-AF165401B892}.Release|iPhoneSimulator.Build.0 = Release|iPhoneSimulator
		{701C8126-6699-4C25-8ADB-AF165401B892}.Release|iPhoneSimulator.Deploy.0 = Release|iPhoneSimulator
		{701C8126-6699-4C25-8ADB-AF165401B892}.Release|x64.ActiveCfg = Release|iPhone
		{701C8126-6699-4C25-8ADB-AF165401B892}.Release|x64.Build.0 = Release|iPhone
		{701C8126-6699-4C25-8ADB-AF165401B892}.Release|x64.Deploy.0 = Release|iPhone
		{701C8126-6699-4C25-8ADB-AF165401B892}.Release|x86.ActiveCfg = Release|iPhone
		{701C8126-6699-4C25-8ADB-AF165401B892}.Release|x86.Build.0 = Release|iPhone
		{701C8126-6699-4C25-8ADB-AF165401B892}.Release|x86.Deploy.0 = Release|iPhone
		{7CC73F30-9BF1-4F63-9BBE-8CACAC68340C}.Ad-Hoc|Any CPU.ActiveCfg = Release|x86
		{7CC73F30-9BF1-4F63-9BBE-8CACAC68340C}.Ad-Hoc|Any CPU.Build.0 = Release|x86
		{7CC73F30-9BF1-4F63-9BBE-8CACAC68340C}.Ad-Hoc|Any CPU.Deploy.0 = Release|x86
		{7CC73F30-9BF1-4F63-9BBE-8CACAC68340C}.Ad-Hoc|ARM.ActiveCfg = Release|ARM
		{7CC73F30-9BF1-4F63-9BBE-8CACAC68340C}.Ad-Hoc|ARM.Build.0 = Release|ARM
		{7CC73F30-9BF1-4F63-9BBE-8CACAC68340C}.Ad-Hoc|ARM.Deploy.0 = Release|ARM
		{7CC73F30-9BF1-4F63-9BBE-8CACAC68340C}.Ad-Hoc|iPhone.ActiveCfg = Release|x86
		{7CC73F30-9BF1-4F63-9BBE-8CACAC68340C}.Ad-Hoc|iPhone.Build.0 = Release|x86
		{7CC73F30-9BF1-4F63-9BBE-8CACAC68340C}.Ad-Hoc|iPhone.Deploy.0 = Release|x86
		{7CC73F30-9BF1-4F63-9BBE-8CACAC68340C}.Ad-Hoc|iPhoneSimulator.ActiveCfg = Release|x86
		{7CC73F30-9BF1-4F63-9BBE-8CACAC68340C}.Ad-Hoc|iPhoneSimulator.Build.0 = Release|x86
		{7CC73F30-9BF1-4F63-9BBE-8CACAC68340C}.Ad-Hoc|iPhoneSimulator.Deploy.0 = Release|x86
		{7CC73F30-9BF1-4F63-9BBE-8CACAC68340C}.Ad-Hoc|x64.ActiveCfg = Release|x64
		{7CC73F30-9BF1-4F63-9BBE-8CACAC68340C}.Ad-Hoc|x64.Build.0 = Release|x64
		{7CC73F30-9BF1-4F63-9BBE-8CACAC68340C}.Ad-Hoc|x64.Deploy.0 = Release|x64
		{7CC73F30-9BF1-4F63-9BBE-8CACAC68340C}.Ad-Hoc|x86.ActiveCfg = Release|x86
		{7CC73F30-9BF1-4F63-9BBE-8CACAC68340C}.Ad-Hoc|x86.Build.0 = Release|x86
		{7CC73F30-9BF1-4F63-9BBE-8CACAC68340C}.Ad-Hoc|x86.Deploy.0 = Release|x86
		{7CC73F30-9BF1-4F63-9BBE-8CACAC68340C}.AppStore|Any CPU.ActiveCfg = Release|x86
		{7CC73F30-9BF1-4F63-9BBE-8CACAC68340C}.AppStore|Any CPU.Build.0 = Release|x86
		{7CC73F30-9BF1-4F63-9BBE-8CACAC68340C}.AppStore|Any CPU.Deploy.0 = Release|x86
		{7CC73F30-9BF1-4F63-9BBE-8CACAC68340C}.AppStore|ARM.ActiveCfg = Release|ARM
		{7CC73F30-9BF1-4F63-9BBE-8CACAC68340C}.AppStore|ARM.Build.0 = Release|ARM
		{7CC73F30-9BF1-4F63-9BBE-8CACAC68340C}.AppStore|ARM.Deploy.0 = Release|ARM
		{7CC73F30-9BF1-4F63-9BBE-8CACAC68340C}.AppStore|iPhone.ActiveCfg = Release|x86
		{7CC73F30-9BF1-4F63-9BBE-8CACAC68340C}.AppStore|iPhone.Build.0 = Release|x86
		{7CC73F30-9BF1-4F63-9BBE-8CACAC68340C}.AppStore|iPhone.Deploy.0 = Release|x86
		{7CC73F30-9BF1-4F63-9BBE-8CACAC68340C}.AppStore|iPhoneSimulator.ActiveCfg = Release|x86
		{7CC73F30-9BF1-4F63-9BBE-8CACAC68340C}.AppStore|iPhoneSimulator.Build.0 = Release|x86
		{7CC73F30-9BF1-4F63-9BBE-8CACAC68340C}.AppStore|iPhoneSimulator.Deploy.0 = Release|x86
		{7CC73F30-9BF1-4F63-9BBE-8CACAC68340C}.AppStore|x64.ActiveCfg = Release|x64
		{7CC73F30-9BF1-4F63-9BBE-8CACAC68340C}.AppStore|x64.Build.0 = Release|x64
		{7CC73F30-9BF1-4F63-9BBE-8CACAC68340C}.AppStore|x64.Deploy.0 = Release|x64
		{7CC73F30-9BF1-4F63-9BBE-8CACAC68340C}.AppStore|x86.ActiveCfg = Release|x86
		{7CC73F30-9BF1-4F63-9BBE-8CACAC68340C}.AppStore|x86.Build.0 = Release|x86
		{7CC73F30-9BF1-4F63-9BBE-8CACAC68340C}.AppStore|x86.Deploy.0 = Release|x86
		{7CC73F30-9BF1-4F63-9BBE-8CACAC68340C}.Debug|Any CPU.ActiveCfg = Debug|x86
		{7CC73F30-9BF1-4F63-9BBE-8CACAC68340C}.Debug|Any CPU.Build.0 = Debug|x86
		{7CC73F30-9BF1-4F63-9BBE-8CACAC68340C}.Debug|Any CPU.Deploy.0 = Debug|x86
		{7CC73F30-9BF1-4F63-9BBE-8CACAC68340C}.Debug|ARM.ActiveCfg = Debug|ARM
		{7CC73F30-9BF1-4F63-9BBE-8CACAC68340C}.Debug|ARM.Build.0 = Debug|ARM
		{7CC73F30-9BF1-4F63-9BBE-8CACAC68340C}.Debug|ARM.Deploy.0 = Debug|ARM
		{7CC73F30-9BF1-4F63-9BBE-8CACAC68340C}.Debug|iPhone.ActiveCfg = Debug|x86
		{7CC73F30-9BF1-4F63-9BBE-8CACAC68340C}.Debug|iPhone.Build.0 = Debug|x86
		{7CC73F30-9BF1-4F63-9BBE-8CACAC68340C}.Debug|iPhone.Deploy.0 = Debug|x86
		{7CC73F30-9BF1-4F63-9BBE-8CACAC68340C}.Debug|iPhoneSimulator.ActiveCfg = Debug|x86
		{7CC73F30-9BF1-4F63-9BBE-8CACAC68340C}.Debug|iPhoneSimulator.Build.0 = Debug|x86
		{7CC73F30-9BF1-4F63-9BBE-8CACAC68340C}.Debug|iPhoneSimulator.Deploy.0 = Debug|x86
		{7CC73F30-9BF1-4F63-9BBE-8CACAC68340C}.Debug|x64.ActiveCfg = Debug|x64
		{7CC73F30-9BF1-4F63-9BBE-8CACAC68340C}.Debug|x64.Build.0 = Debug|x64
		{7CC73F30-9BF1-4F63-9BBE-8CACAC68340C}.Debug|x64.Deploy.0 = Debug|x64
		{7CC73F30-9BF1-4F63-9BBE-8CACAC68340C}.Debug|x86.ActiveCfg = Debug|x86
		{7CC73F30-9BF1-4F63-9BBE-8CACAC68340C}.Debug|x86.Build.0 = Debug|x86
		{7CC73F30-9BF1-4F63-9BBE-8CACAC68340C}.Debug|x86.Deploy.0 = Debug|x86
		{7CC73F30-9BF1-4F63-9BBE-8CACAC68340C}.Release|Any CPU.ActiveCfg = Release|x86
		{7CC73F30-9BF1-4F63-9BBE-8CACAC68340C}.Release|Any CPU.Build.0 = Release|x86
		{7CC73F30-9BF1-4F63-9BBE-8CACAC68340C}.Release|Any CPU.Deploy.0 = Release|x86
		{7CC73F30-9BF1-4F63-9BBE-8CACAC68340C}.Release|ARM.ActiveCfg = Release|ARM
		{7CC73F30-9BF1-4F63-9BBE-8CACAC68340C}.Release|ARM.Build.0 = Release|ARM
		{7CC73F30-9BF1-4F63-9BBE-8CACAC68340C}.Release|ARM.Deploy.0 = Release|ARM
		{7CC73F30-9BF1-4F63-9BBE-8CACAC68340C}.Release|iPhone.ActiveCfg = Release|x86
		{7CC73F30-9BF1-4F63-9BBE-8CACAC68340C}.Release|iPhone.Build.0 = Release|x86
		{7CC73F30-9BF1-4F63-9BBE-8CACAC68340C}.Release|iPhone.Deploy.0 = Release|x86
		{7CC73F30-9BF1-4F63-9BBE-8CACAC68340C}.Release|iPhoneSimulator.ActiveCfg = Release|x86
		{7CC73F30-9BF1-4F63-9BBE-8CACAC68340C}.Release|iPhoneSimulator.Build.0 = Release|x86
		{7CC73F30-9BF1-4F63-9BBE-8CACAC68340C}.Release|iPhoneSimulator.Deploy.0 = Release|x86
		{7CC73F30-9BF1-4F63-9BBE-8CACAC68340C}.Release|x64.ActiveCfg = Release|x64
		{7CC73F30-9BF1-4F63-9BBE-8CACAC68340C}.Release|x64.Build.0 = Release|x64
		{7CC73F30-9BF1-4F63-9BBE-8CACAC68340C}.Release|x64.Deploy.0 = Release|x64
		{7CC73F30-9BF1-4F63-9BBE-8CACAC68340C}.Release|x86.ActiveCfg = Release|x86
		{7CC73F30-9BF1-4F63-9BBE-8CACAC68340C}.Release|x86.Build.0 = Release|x86
		{7CC73F30-9BF1-4F63-9BBE-8CACAC68340C}.Release|x86.Deploy.0 = Release|x86
		{398036DE-2CA9-44B7-88D4-738562FFDE28}.Ad-Hoc|Any CPU.ActiveCfg = Debug|Any CPU
		{398036DE-2CA9-44B7-88D4-738562FFDE28}.Ad-Hoc|Any CPU.Build.0 = Debug|Any CPU
		{398036DE-2CA9-44B7-88D4-738562FFDE28}.Ad-Hoc|Any CPU.Deploy.0 = Debug|Any CPU
		{398036DE-2CA9-44B7-88D4-738562FFDE28}.Ad-Hoc|ARM.ActiveCfg = Debug|Any CPU
		{398036DE-2CA9-44B7-88D4-738562FFDE28}.Ad-Hoc|ARM.Build.0 = Debug|Any CPU
		{398036DE-2CA9-44B7-88D4-738562FFDE28}.Ad-Hoc|ARM.Deploy.0 = Debug|Any CPU
		{398036DE-2CA9-44B7-88D4-738562FFDE28}.Ad-Hoc|iPhone.ActiveCfg = Debug|Any CPU
		{398036DE-2CA9-44B7-88D4-738562FFDE28}.Ad-Hoc|iPhone.Build.0 = Debug|Any CPU
		{398036DE-2CA9-44B7-88D4-738562FFDE28}.Ad-Hoc|iPhone.Deploy.0 = Debug|Any CPU
		{398036DE-2CA9-44B7-88D4-738562FFDE28}.Ad-Hoc|iPhoneSimulator.ActiveCfg = Debug|Any CPU
		{398036DE-2CA9-44B7-88D4-738562FFDE28}.Ad-Hoc|iPhoneSimulator.Build.0 = Debug|Any CPU
		{398036DE-2CA9-44B7-88D4-738562FFDE28}.Ad-Hoc|iPhoneSimulator.Deploy.0 = Debug|Any CPU
		{398036DE-2CA9-44B7-88D4-738562FFDE28}.Ad-Hoc|x64.ActiveCfg = Debug|Any CPU
		{398036DE-2CA9-44B7-88D4-738562FFDE28}.Ad-Hoc|x64.Build.0 = Debug|Any CPU
		{398036DE-2CA9-44B7-88D4-738562FFDE28}.Ad-Hoc|x64.Deploy.0 = Debug|Any CPU
		{398036DE-2CA9-44B7-88D4-738562FFDE28}.Ad-Hoc|x86.ActiveCfg = Debug|Any CPU
		{398036DE-2CA9-44B7-88D4-738562FFDE28}.Ad-Hoc|x86.Build.0 = Debug|Any CPU
		{398036DE-2CA9-44B7-88D4-738562FFDE28}.Ad-Hoc|x86.Deploy.0 = Debug|Any CPU
		{398036DE-2CA9-44B7-88D4-738562FFDE28}.AppStore|Any CPU.ActiveCfg = Debug|Any CPU
		{398036DE-2CA9-44B7-88D4-738562FFDE28}.AppStore|Any CPU.Build.0 = Debug|Any CPU
		{398036DE-2CA9-44B7-88D4-738562FFDE28}.AppStore|Any CPU.Deploy.0 = Debug|Any CPU
		{398036DE-2CA9-44B7-88D4-738562FFDE28}.AppStore|ARM.ActiveCfg = Debug|Any CPU
		{398036DE-2CA9-44B7-88D4-738562FFDE28}.AppStore|ARM.Build.0 = Debug|Any CPU
		{398036DE-2CA9-44B7-88D4-738562FFDE28}.AppStore|ARM.Deploy.0 = Debug|Any CPU
		{398036DE-2CA9-44B7-88D4-738562FFDE28}.AppStore|iPhone.ActiveCfg = Debug|Any CPU
		{398036DE-2CA9-44B7-88D4-738562FFDE28}.AppStore|iPhone.Build.0 = Debug|Any CPU
		{398036DE-2CA9-44B7-88D4-738562FFDE28}.AppStore|iPhone.Deploy.0 = Debug|Any CPU
		{398036DE-2CA9-44B7-88D4-738562FFDE28}.AppStore|iPhoneSimulator.ActiveCfg = Debug|Any CPU
		{398036DE-2CA9-44B7-88D4-738562FFDE28}.AppStore|iPhoneSimulator.Build.0 = Debug|Any CPU
		{398036DE-2CA9-44B7-88D4-738562FFDE28}.AppStore|iPhoneSimulator.Deploy.0 = Debug|Any CPU
		{398036DE-2CA9-44B7-88D4-738562FFDE28}.AppStore|x64.ActiveCfg = Debug|Any CPU
		{398036DE-2CA9-44B7-88D4-738562FFDE28}.AppStore|x64.Build.0 = Debug|Any CPU
		{398036DE-2CA9-44B7-88D4-738562FFDE28}.AppStore|x64.Deploy.0 = Debug|Any CPU
		{398036DE-2CA9-44B7-88D4-738562FFDE28}.AppStore|x86.ActiveCfg = Debug|Any CPU
		{398036DE-2CA9-44B7-88D4-738562FFDE28}.AppStore|x86.Build.0 = Debug|Any CPU
		{398036DE-2CA9-44B7-88D4-738562FFDE28}.AppStore|x86.Deploy.0 = Debug|Any CPU
		{398036DE-2CA9-44B7-88D4-738562FFDE28}.Debug|Any CPU.ActiveCfg = Debug|Any CPU
		{398036DE-2CA9-44B7-88D4-738562FFDE28}.Debug|Any CPU.Build.0 = Debug|Any CPU
		{398036DE-2CA9-44B7-88D4-738562FFDE28}.Debug|Any CPU.Deploy.0 = Debug|Any CPU
		{398036DE-2CA9-44B7-88D4-738562FFDE28}.Debug|ARM.ActiveCfg = Debug|Any CPU
		{398036DE-2CA9-44B7-88D4-738562FFDE28}.Debug|ARM.Build.0 = Debug|Any CPU
		{398036DE-2CA9-44B7-88D4-738562FFDE28}.Debug|ARM.Deploy.0 = Debug|Any CPU
		{398036DE-2CA9-44B7-88D4-738562FFDE28}.Debug|iPhone.ActiveCfg = Debug|Any CPU
		{398036DE-2CA9-44B7-88D4-738562FFDE28}.Debug|iPhone.Build.0 = Debug|Any CPU
		{398036DE-2CA9-44B7-88D4-738562FFDE28}.Debug|iPhone.Deploy.0 = Debug|Any CPU
		{398036DE-2CA9-44B7-88D4-738562FFDE28}.Debug|iPhoneSimulator.ActiveCfg = Debug|Any CPU
		{398036DE-2CA9-44B7-88D4-738562FFDE28}.Debug|iPhoneSimulator.Build.0 = Debug|Any CPU
		{398036DE-2CA9-44B7-88D4-738562FFDE28}.Debug|iPhoneSimulator.Deploy.0 = Debug|Any CPU
		{398036DE-2CA9-44B7-88D4-738562FFDE28}.Debug|x64.ActiveCfg = Debug|Any CPU
		{398036DE-2CA9-44B7-88D4-738562FFDE28}.Debug|x64.Build.0 = Debug|Any CPU
		{398036DE-2CA9-44B7-88D4-738562FFDE28}.Debug|x64.Deploy.0 = Debug|Any CPU
		{398036DE-2CA9-44B7-88D4-738562FFDE28}.Debug|x86.ActiveCfg = Debug|Any CPU
		{398036DE-2CA9-44B7-88D4-738562FFDE28}.Debug|x86.Build.0 = Debug|Any CPU
		{398036DE-2CA9-44B7-88D4-738562FFDE28}.Debug|x86.Deploy.0 = Debug|Any CPU
		{398036DE-2CA9-44B7-88D4-738562FFDE28}.Release|Any CPU.ActiveCfg = Release|Any CPU
		{398036DE-2CA9-44B7-88D4-738562FFDE28}.Release|Any CPU.Build.0 = Release|Any CPU
		{398036DE-2CA9-44B7-88D4-738562FFDE28}.Release|Any CPU.Deploy.0 = Release|Any CPU
		{398036DE-2CA9-44B7-88D4-738562FFDE28}.Release|ARM.ActiveCfg = Release|Any CPU
		{398036DE-2CA9-44B7-88D4-738562FFDE28}.Release|ARM.Build.0 = Release|Any CPU
		{398036DE-2CA9-44B7-88D4-738562FFDE28}.Release|ARM.Deploy.0 = Release|Any CPU
		{398036DE-2CA9-44B7-88D4-738562FFDE28}.Release|iPhone.ActiveCfg = Release|Any CPU
		{398036DE-2CA9-44B7-88D4-738562FFDE28}.Release|iPhone.Build.0 = Release|Any CPU
		{398036DE-2CA9-44B7-88D4-738562FFDE28}.Release|iPhone.Deploy.0 = Release|Any CPU
		{398036DE-2CA9-44B7-88D4-738562FFDE28}.Release|iPhoneSimulator.ActiveCfg = Release|Any CPU
		{398036DE-2CA9-44B7-88D4-738562FFDE28}.Release|iPhoneSimulator.Build.0 = Release|Any CPU
		{398036DE-2CA9-44B7-88D4-738562FFDE28}.Release|iPhoneSimulator.Deploy.0 = Release|Any CPU
		{398036DE-2CA9-44B7-88D4-738562FFDE28}.Release|x64.ActiveCfg = Release|Any CPU
		{398036DE-2CA9-44B7-88D4-738562FFDE28}.Release|x64.Build.0 = Release|Any CPU
		{398036DE-2CA9-44B7-88D4-738562FFDE28}.Release|x64.Deploy.0 = Release|Any CPU
		{398036DE-2CA9-44B7-88D4-738562FFDE28}.Release|x86.ActiveCfg = Release|Any CPU
		{398036DE-2CA9-44B7-88D4-738562FFDE28}.Release|x86.Build.0 = Release|Any CPU
		{398036DE-2CA9-44B7-88D4-738562FFDE28}.Release|x86.Deploy.0 = Release|Any CPU
		{110EDCC1-2612-48BB-A76D-3604F63EE3A6}.Ad-Hoc|Any CPU.ActiveCfg = Release|Any CPU
		{110EDCC1-2612-48BB-A76D-3604F63EE3A6}.Ad-Hoc|Any CPU.Build.0 = Release|Any CPU
		{110EDCC1-2612-48BB-A76D-3604F63EE3A6}.Ad-Hoc|ARM.ActiveCfg = Release|Any CPU
		{110EDCC1-2612-48BB-A76D-3604F63EE3A6}.Ad-Hoc|ARM.Build.0 = Release|Any CPU
		{110EDCC1-2612-48BB-A76D-3604F63EE3A6}.Ad-Hoc|iPhone.ActiveCfg = Release|Any CPU
		{110EDCC1-2612-48BB-A76D-3604F63EE3A6}.Ad-Hoc|iPhone.Build.0 = Release|Any CPU
		{110EDCC1-2612-48BB-A76D-3604F63EE3A6}.Ad-Hoc|iPhoneSimulator.ActiveCfg = Release|Any CPU
		{110EDCC1-2612-48BB-A76D-3604F63EE3A6}.Ad-Hoc|iPhoneSimulator.Build.0 = Release|Any CPU
		{110EDCC1-2612-48BB-A76D-3604F63EE3A6}.Ad-Hoc|x64.ActiveCfg = Release|Any CPU
		{110EDCC1-2612-48BB-A76D-3604F63EE3A6}.Ad-Hoc|x64.Build.0 = Release|Any CPU
		{110EDCC1-2612-48BB-A76D-3604F63EE3A6}.Ad-Hoc|x86.ActiveCfg = Release|Any CPU
		{110EDCC1-2612-48BB-A76D-3604F63EE3A6}.Ad-Hoc|x86.Build.0 = Release|Any CPU
		{110EDCC1-2612-48BB-A76D-3604F63EE3A6}.AppStore|Any CPU.ActiveCfg = Release|Any CPU
		{110EDCC1-2612-48BB-A76D-3604F63EE3A6}.AppStore|Any CPU.Build.0 = Release|Any CPU
		{110EDCC1-2612-48BB-A76D-3604F63EE3A6}.AppStore|ARM.ActiveCfg = Release|Any CPU
		{110EDCC1-2612-48BB-A76D-3604F63EE3A6}.AppStore|ARM.Build.0 = Release|Any CPU
		{110EDCC1-2612-48BB-A76D-3604F63EE3A6}.AppStore|iPhone.ActiveCfg = Release|Any CPU
		{110EDCC1-2612-48BB-A76D-3604F63EE3A6}.AppStore|iPhone.Build.0 = Release|Any CPU
		{110EDCC1-2612-48BB-A76D-3604F63EE3A6}.AppStore|iPhoneSimulator.ActiveCfg = Release|Any CPU
		{110EDCC1-2612-48BB-A76D-3604F63EE3A6}.AppStore|iPhoneSimulator.Build.0 = Release|Any CPU
		{110EDCC1-2612-48BB-A76D-3604F63EE3A6}.AppStore|x64.ActiveCfg = Release|Any CPU
		{110EDCC1-2612-48BB-A76D-3604F63EE3A6}.AppStore|x64.Build.0 = Release|Any CPU
		{110EDCC1-2612-48BB-A76D-3604F63EE3A6}.AppStore|x86.ActiveCfg = Release|Any CPU
		{110EDCC1-2612-48BB-A76D-3604F63EE3A6}.AppStore|x86.Build.0 = Release|Any CPU
		{110EDCC1-2612-48BB-A76D-3604F63EE3A6}.Debug|Any CPU.ActiveCfg = Debug|Any CPU
		{110EDCC1-2612-48BB-A76D-3604F63EE3A6}.Debug|Any CPU.Build.0 = Debug|Any CPU
		{110EDCC1-2612-48BB-A76D-3604F63EE3A6}.Debug|ARM.ActiveCfg = Debug|Any CPU
		{110EDCC1-2612-48BB-A76D-3604F63EE3A6}.Debug|ARM.Build.0 = Debug|Any CPU
		{110EDCC1-2612-48BB-A76D-3604F63EE3A6}.Debug|iPhone.ActiveCfg = Debug|Any CPU
		{110EDCC1-2612-48BB-A76D-3604F63EE3A6}.Debug|iPhone.Build.0 = Debug|Any CPU
		{110EDCC1-2612-48BB-A76D-3604F63EE3A6}.Debug|iPhoneSimulator.ActiveCfg = Debug|Any CPU
		{110EDCC1-2612-48BB-A76D-3604F63EE3A6}.Debug|iPhoneSimulator.Build.0 = Debug|Any CPU
		{110EDCC1-2612-48BB-A76D-3604F63EE3A6}.Debug|x64.ActiveCfg = Debug|Any CPU
		{110EDCC1-2612-48BB-A76D-3604F63EE3A6}.Debug|x64.Build.0 = Debug|Any CPU
		{110EDCC1-2612-48BB-A76D-3604F63EE3A6}.Debug|x86.ActiveCfg = Debug|Any CPU
		{110EDCC1-2612-48BB-A76D-3604F63EE3A6}.Debug|x86.Build.0 = Debug|Any CPU
		{110EDCC1-2612-48BB-A76D-3604F63EE3A6}.Release|Any CPU.ActiveCfg = Release|Any CPU
		{110EDCC1-2612-48BB-A76D-3604F63EE3A6}.Release|Any CPU.Build.0 = Release|Any CPU
		{110EDCC1-2612-48BB-A76D-3604F63EE3A6}.Release|ARM.ActiveCfg = Release|Any CPU
		{110EDCC1-2612-48BB-A76D-3604F63EE3A6}.Release|ARM.Build.0 = Release|Any CPU
		{110EDCC1-2612-48BB-A76D-3604F63EE3A6}.Release|iPhone.ActiveCfg = Release|Any CPU
		{110EDCC1-2612-48BB-A76D-3604F63EE3A6}.Release|iPhone.Build.0 = Release|Any CPU
		{110EDCC1-2612-48BB-A76D-3604F63EE3A6}.Release|iPhoneSimulator.ActiveCfg = Release|Any CPU
		{110EDCC1-2612-48BB-A76D-3604F63EE3A6}.Release|iPhoneSimulator.Build.0 = Release|Any CPU
		{110EDCC1-2612-48BB-A76D-3604F63EE3A6}.Release|x64.ActiveCfg = Release|Any CPU
		{110EDCC1-2612-48BB-A76D-3604F63EE3A6}.Release|x64.Build.0 = Release|Any CPU
		{110EDCC1-2612-48BB-A76D-3604F63EE3A6}.Release|x86.ActiveCfg = Release|Any CPU
		{110EDCC1-2612-48BB-A76D-3604F63EE3A6}.Release|x86.Build.0 = Release|Any CPU
		{53602D56-5138-4ECC-B753-F43F3DB4F62D}.Ad-Hoc|Any CPU.ActiveCfg = Release|Any CPU
		{53602D56-5138-4ECC-B753-F43F3DB4F62D}.Ad-Hoc|Any CPU.Build.0 = Release|Any CPU
		{53602D56-5138-4ECC-B753-F43F3DB4F62D}.Ad-Hoc|ARM.ActiveCfg = Release|Any CPU
		{53602D56-5138-4ECC-B753-F43F3DB4F62D}.Ad-Hoc|ARM.Build.0 = Release|Any CPU
		{53602D56-5138-4ECC-B753-F43F3DB4F62D}.Ad-Hoc|iPhone.ActiveCfg = Release|Any CPU
		{53602D56-5138-4ECC-B753-F43F3DB4F62D}.Ad-Hoc|iPhone.Build.0 = Release|Any CPU
		{53602D56-5138-4ECC-B753-F43F3DB4F62D}.Ad-Hoc|iPhoneSimulator.ActiveCfg = Release|Any CPU
		{53602D56-5138-4ECC-B753-F43F3DB4F62D}.Ad-Hoc|iPhoneSimulator.Build.0 = Release|Any CPU
		{53602D56-5138-4ECC-B753-F43F3DB4F62D}.Ad-Hoc|x64.ActiveCfg = Release|Any CPU
		{53602D56-5138-4ECC-B753-F43F3DB4F62D}.Ad-Hoc|x64.Build.0 = Release|Any CPU
		{53602D56-5138-4ECC-B753-F43F3DB4F62D}.Ad-Hoc|x86.ActiveCfg = Release|Any CPU
		{53602D56-5138-4ECC-B753-F43F3DB4F62D}.Ad-Hoc|x86.Build.0 = Release|Any CPU
		{53602D56-5138-4ECC-B753-F43F3DB4F62D}.AppStore|Any CPU.ActiveCfg = Release|Any CPU
		{53602D56-5138-4ECC-B753-F43F3DB4F62D}.AppStore|Any CPU.Build.0 = Release|Any CPU
		{53602D56-5138-4ECC-B753-F43F3DB4F62D}.AppStore|ARM.ActiveCfg = Release|Any CPU
		{53602D56-5138-4ECC-B753-F43F3DB4F62D}.AppStore|ARM.Build.0 = Release|Any CPU
		{53602D56-5138-4ECC-B753-F43F3DB4F62D}.AppStore|iPhone.ActiveCfg = Release|Any CPU
		{53602D56-5138-4ECC-B753-F43F3DB4F62D}.AppStore|iPhone.Build.0 = Release|Any CPU
		{53602D56-5138-4ECC-B753-F43F3DB4F62D}.AppStore|iPhoneSimulator.ActiveCfg = Release|Any CPU
		{53602D56-5138-4ECC-B753-F43F3DB4F62D}.AppStore|iPhoneSimulator.Build.0 = Release|Any CPU
		{53602D56-5138-4ECC-B753-F43F3DB4F62D}.AppStore|x64.ActiveCfg = Release|Any CPU
		{53602D56-5138-4ECC-B753-F43F3DB4F62D}.AppStore|x64.Build.0 = Release|Any CPU
		{53602D56-5138-4ECC-B753-F43F3DB4F62D}.AppStore|x86.ActiveCfg = Release|Any CPU
		{53602D56-5138-4ECC-B753-F43F3DB4F62D}.AppStore|x86.Build.0 = Release|Any CPU
		{53602D56-5138-4ECC-B753-F43F3DB4F62D}.Debug|Any CPU.ActiveCfg = Debug|Any CPU
		{53602D56-5138-4ECC-B753-F43F3DB4F62D}.Debug|Any CPU.Build.0 = Debug|Any CPU
		{53602D56-5138-4ECC-B753-F43F3DB4F62D}.Debug|ARM.ActiveCfg = Debug|Any CPU
		{53602D56-5138-4ECC-B753-F43F3DB4F62D}.Debug|ARM.Build.0 = Debug|Any CPU
		{53602D56-5138-4ECC-B753-F43F3DB4F62D}.Debug|iPhone.ActiveCfg = Debug|Any CPU
		{53602D56-5138-4ECC-B753-F43F3DB4F62D}.Debug|iPhone.Build.0 = Debug|Any CPU
		{53602D56-5138-4ECC-B753-F43F3DB4F62D}.Debug|iPhoneSimulator.ActiveCfg = Debug|Any CPU
		{53602D56-5138-4ECC-B753-F43F3DB4F62D}.Debug|iPhoneSimulator.Build.0 = Debug|Any CPU
		{53602D56-5138-4ECC-B753-F43F3DB4F62D}.Debug|x64.ActiveCfg = Debug|Any CPU
		{53602D56-5138-4ECC-B753-F43F3DB4F62D}.Debug|x64.Build.0 = Debug|Any CPU
		{53602D56-5138-4ECC-B753-F43F3DB4F62D}.Debug|x86.ActiveCfg = Debug|Any CPU
		{53602D56-5138-4ECC-B753-F43F3DB4F62D}.Debug|x86.Build.0 = Debug|Any CPU
		{53602D56-5138-4ECC-B753-F43F3DB4F62D}.Release|Any CPU.ActiveCfg = Release|Any CPU
		{53602D56-5138-4ECC-B753-F43F3DB4F62D}.Release|Any CPU.Build.0 = Release|Any CPU
		{53602D56-5138-4ECC-B753-F43F3DB4F62D}.Release|ARM.ActiveCfg = Release|Any CPU
		{53602D56-5138-4ECC-B753-F43F3DB4F62D}.Release|ARM.Build.0 = Release|Any CPU
		{53602D56-5138-4ECC-B753-F43F3DB4F62D}.Release|iPhone.ActiveCfg = Release|Any CPU
		{53602D56-5138-4ECC-B753-F43F3DB4F62D}.Release|iPhone.Build.0 = Release|Any CPU
		{53602D56-5138-4ECC-B753-F43F3DB4F62D}.Release|iPhoneSimulator.ActiveCfg = Release|Any CPU
		{53602D56-5138-4ECC-B753-F43F3DB4F62D}.Release|iPhoneSimulator.Build.0 = Release|Any CPU
		{53602D56-5138-4ECC-B753-F43F3DB4F62D}.Release|x64.ActiveCfg = Release|Any CPU
		{53602D56-5138-4ECC-B753-F43F3DB4F62D}.Release|x64.Build.0 = Release|Any CPU
		{53602D56-5138-4ECC-B753-F43F3DB4F62D}.Release|x86.ActiveCfg = Release|Any CPU
		{53602D56-5138-4ECC-B753-F43F3DB4F62D}.Release|x86.Build.0 = Release|Any CPU
		{51048DA1-C0CE-489F-BA5A-61D1E01320ED}.Ad-Hoc|Any CPU.ActiveCfg = Release|Any CPU
		{51048DA1-C0CE-489F-BA5A-61D1E01320ED}.Ad-Hoc|Any CPU.Build.0 = Release|Any CPU
		{51048DA1-C0CE-489F-BA5A-61D1E01320ED}.Ad-Hoc|ARM.ActiveCfg = Release|Any CPU
		{51048DA1-C0CE-489F-BA5A-61D1E01320ED}.Ad-Hoc|ARM.Build.0 = Release|Any CPU
		{51048DA1-C0CE-489F-BA5A-61D1E01320ED}.Ad-Hoc|iPhone.ActiveCfg = Release|Any CPU
		{51048DA1-C0CE-489F-BA5A-61D1E01320ED}.Ad-Hoc|iPhone.Build.0 = Release|Any CPU
		{51048DA1-C0CE-489F-BA5A-61D1E01320ED}.Ad-Hoc|iPhoneSimulator.ActiveCfg = Release|Any CPU
		{51048DA1-C0CE-489F-BA5A-61D1E01320ED}.Ad-Hoc|iPhoneSimulator.Build.0 = Release|Any CPU
		{51048DA1-C0CE-489F-BA5A-61D1E01320ED}.Ad-Hoc|x64.ActiveCfg = Release|Any CPU
		{51048DA1-C0CE-489F-BA5A-61D1E01320ED}.Ad-Hoc|x64.Build.0 = Release|Any CPU
		{51048DA1-C0CE-489F-BA5A-61D1E01320ED}.Ad-Hoc|x86.ActiveCfg = Release|Any CPU
		{51048DA1-C0CE-489F-BA5A-61D1E01320ED}.Ad-Hoc|x86.Build.0 = Release|Any CPU
		{51048DA1-C0CE-489F-BA5A-61D1E01320ED}.AppStore|Any CPU.ActiveCfg = Release|Any CPU
		{51048DA1-C0CE-489F-BA5A-61D1E01320ED}.AppStore|Any CPU.Build.0 = Release|Any CPU
		{51048DA1-C0CE-489F-BA5A-61D1E01320ED}.AppStore|ARM.ActiveCfg = Release|Any CPU
		{51048DA1-C0CE-489F-BA5A-61D1E01320ED}.AppStore|ARM.Build.0 = Release|Any CPU
		{51048DA1-C0CE-489F-BA5A-61D1E01320ED}.AppStore|iPhone.ActiveCfg = Release|Any CPU
		{51048DA1-C0CE-489F-BA5A-61D1E01320ED}.AppStore|iPhone.Build.0 = Release|Any CPU
		{51048DA1-C0CE-489F-BA5A-61D1E01320ED}.AppStore|iPhoneSimulator.ActiveCfg = Release|Any CPU
		{51048DA1-C0CE-489F-BA5A-61D1E01320ED}.AppStore|iPhoneSimulator.Build.0 = Release|Any CPU
		{51048DA1-C0CE-489F-BA5A-61D1E01320ED}.AppStore|x64.ActiveCfg = Release|Any CPU
		{51048DA1-C0CE-489F-BA5A-61D1E01320ED}.AppStore|x64.Build.0 = Release|Any CPU
		{51048DA1-C0CE-489F-BA5A-61D1E01320ED}.AppStore|x86.ActiveCfg = Release|Any CPU
		{51048DA1-C0CE-489F-BA5A-61D1E01320ED}.AppStore|x86.Build.0 = Release|Any CPU
		{51048DA1-C0CE-489F-BA5A-61D1E01320ED}.Debug|Any CPU.ActiveCfg = Debug|Any CPU
		{51048DA1-C0CE-489F-BA5A-61D1E01320ED}.Debug|Any CPU.Build.0 = Debug|Any CPU
		{51048DA1-C0CE-489F-BA5A-61D1E01320ED}.Debug|ARM.ActiveCfg = Debug|Any CPU
		{51048DA1-C0CE-489F-BA5A-61D1E01320ED}.Debug|ARM.Build.0 = Debug|Any CPU
		{51048DA1-C0CE-489F-BA5A-61D1E01320ED}.Debug|iPhone.ActiveCfg = Debug|Any CPU
		{51048DA1-C0CE-489F-BA5A-61D1E01320ED}.Debug|iPhone.Build.0 = Debug|Any CPU
		{51048DA1-C0CE-489F-BA5A-61D1E01320ED}.Debug|iPhoneSimulator.ActiveCfg = Debug|Any CPU
		{51048DA1-C0CE-489F-BA5A-61D1E01320ED}.Debug|iPhoneSimulator.Build.0 = Debug|Any CPU
		{51048DA1-C0CE-489F-BA5A-61D1E01320ED}.Debug|x64.ActiveCfg = Debug|Any CPU
		{51048DA1-C0CE-489F-BA5A-61D1E01320ED}.Debug|x64.Build.0 = Debug|Any CPU
		{51048DA1-C0CE-489F-BA5A-61D1E01320ED}.Debug|x86.ActiveCfg = Debug|Any CPU
		{51048DA1-C0CE-489F-BA5A-61D1E01320ED}.Debug|x86.Build.0 = Debug|Any CPU
		{51048DA1-C0CE-489F-BA5A-61D1E01320ED}.Release|Any CPU.ActiveCfg = Release|Any CPU
		{51048DA1-C0CE-489F-BA5A-61D1E01320ED}.Release|Any CPU.Build.0 = Release|Any CPU
		{51048DA1-C0CE-489F-BA5A-61D1E01320ED}.Release|ARM.ActiveCfg = Release|Any CPU
		{51048DA1-C0CE-489F-BA5A-61D1E01320ED}.Release|ARM.Build.0 = Release|Any CPU
		{51048DA1-C0CE-489F-BA5A-61D1E01320ED}.Release|iPhone.ActiveCfg = Release|Any CPU
		{51048DA1-C0CE-489F-BA5A-61D1E01320ED}.Release|iPhone.Build.0 = Release|Any CPU
		{51048DA1-C0CE-489F-BA5A-61D1E01320ED}.Release|iPhoneSimulator.ActiveCfg = Release|Any CPU
		{51048DA1-C0CE-489F-BA5A-61D1E01320ED}.Release|iPhoneSimulator.Build.0 = Release|Any CPU
		{51048DA1-C0CE-489F-BA5A-61D1E01320ED}.Release|x64.ActiveCfg = Release|Any CPU
		{51048DA1-C0CE-489F-BA5A-61D1E01320ED}.Release|x64.Build.0 = Release|Any CPU
		{51048DA1-C0CE-489F-BA5A-61D1E01320ED}.Release|x86.ActiveCfg = Release|Any CPU
		{51048DA1-C0CE-489F-BA5A-61D1E01320ED}.Release|x86.Build.0 = Release|Any CPU
		{5693EB56-2E24-4AC3-AA3E-B63491109FD8}.Ad-Hoc|Any CPU.ActiveCfg = Release|Any CPU
		{5693EB56-2E24-4AC3-AA3E-B63491109FD8}.Ad-Hoc|Any CPU.Build.0 = Release|Any CPU
		{5693EB56-2E24-4AC3-AA3E-B63491109FD8}.Ad-Hoc|ARM.ActiveCfg = Release|Any CPU
		{5693EB56-2E24-4AC3-AA3E-B63491109FD8}.Ad-Hoc|ARM.Build.0 = Release|Any CPU
		{5693EB56-2E24-4AC3-AA3E-B63491109FD8}.Ad-Hoc|iPhone.ActiveCfg = Release|Any CPU
		{5693EB56-2E24-4AC3-AA3E-B63491109FD8}.Ad-Hoc|iPhone.Build.0 = Release|Any CPU
		{5693EB56-2E24-4AC3-AA3E-B63491109FD8}.Ad-Hoc|iPhoneSimulator.ActiveCfg = Release|Any CPU
		{5693EB56-2E24-4AC3-AA3E-B63491109FD8}.Ad-Hoc|iPhoneSimulator.Build.0 = Release|Any CPU
		{5693EB56-2E24-4AC3-AA3E-B63491109FD8}.Ad-Hoc|x64.ActiveCfg = Release|Any CPU
		{5693EB56-2E24-4AC3-AA3E-B63491109FD8}.Ad-Hoc|x64.Build.0 = Release|Any CPU
		{5693EB56-2E24-4AC3-AA3E-B63491109FD8}.Ad-Hoc|x86.ActiveCfg = Release|Any CPU
		{5693EB56-2E24-4AC3-AA3E-B63491109FD8}.Ad-Hoc|x86.Build.0 = Release|Any CPU
		{5693EB56-2E24-4AC3-AA3E-B63491109FD8}.AppStore|Any CPU.ActiveCfg = Release|Any CPU
		{5693EB56-2E24-4AC3-AA3E-B63491109FD8}.AppStore|Any CPU.Build.0 = Release|Any CPU
		{5693EB56-2E24-4AC3-AA3E-B63491109FD8}.AppStore|ARM.ActiveCfg = Release|Any CPU
		{5693EB56-2E24-4AC3-AA3E-B63491109FD8}.AppStore|ARM.Build.0 = Release|Any CPU
		{5693EB56-2E24-4AC3-AA3E-B63491109FD8}.AppStore|iPhone.ActiveCfg = Release|Any CPU
		{5693EB56-2E24-4AC3-AA3E-B63491109FD8}.AppStore|iPhone.Build.0 = Release|Any CPU
		{5693EB56-2E24-4AC3-AA3E-B63491109FD8}.AppStore|iPhoneSimulator.ActiveCfg = Release|Any CPU
		{5693EB56-2E24-4AC3-AA3E-B63491109FD8}.AppStore|iPhoneSimulator.Build.0 = Release|Any CPU
		{5693EB56-2E24-4AC3-AA3E-B63491109FD8}.AppStore|x64.ActiveCfg = Release|Any CPU
		{5693EB56-2E24-4AC3-AA3E-B63491109FD8}.AppStore|x64.Build.0 = Release|Any CPU
		{5693EB56-2E24-4AC3-AA3E-B63491109FD8}.AppStore|x86.ActiveCfg = Release|Any CPU
		{5693EB56-2E24-4AC3-AA3E-B63491109FD8}.AppStore|x86.Build.0 = Release|Any CPU
		{5693EB56-2E24-4AC3-AA3E-B63491109FD8}.Debug|Any CPU.ActiveCfg = Debug|Any CPU
		{5693EB56-2E24-4AC3-AA3E-B63491109FD8}.Debug|Any CPU.Build.0 = Debug|Any CPU
		{5693EB56-2E24-4AC3-AA3E-B63491109FD8}.Debug|ARM.ActiveCfg = Debug|Any CPU
		{5693EB56-2E24-4AC3-AA3E-B63491109FD8}.Debug|ARM.Build.0 = Debug|Any CPU
		{5693EB56-2E24-4AC3-AA3E-B63491109FD8}.Debug|iPhone.ActiveCfg = Debug|Any CPU
		{5693EB56-2E24-4AC3-AA3E-B63491109FD8}.Debug|iPhone.Build.0 = Debug|Any CPU
		{5693EB56-2E24-4AC3-AA3E-B63491109FD8}.Debug|iPhoneSimulator.ActiveCfg = Debug|Any CPU
		{5693EB56-2E24-4AC3-AA3E-B63491109FD8}.Debug|iPhoneSimulator.Build.0 = Debug|Any CPU
		{5693EB56-2E24-4AC3-AA3E-B63491109FD8}.Debug|x64.ActiveCfg = Debug|Any CPU
		{5693EB56-2E24-4AC3-AA3E-B63491109FD8}.Debug|x64.Build.0 = Debug|Any CPU
		{5693EB56-2E24-4AC3-AA3E-B63491109FD8}.Debug|x86.ActiveCfg = Debug|Any CPU
		{5693EB56-2E24-4AC3-AA3E-B63491109FD8}.Debug|x86.Build.0 = Debug|Any CPU
		{5693EB56-2E24-4AC3-AA3E-B63491109FD8}.Release|Any CPU.ActiveCfg = Release|Any CPU
		{5693EB56-2E24-4AC3-AA3E-B63491109FD8}.Release|Any CPU.Build.0 = Release|Any CPU
		{5693EB56-2E24-4AC3-AA3E-B63491109FD8}.Release|ARM.ActiveCfg = Release|Any CPU
		{5693EB56-2E24-4AC3-AA3E-B63491109FD8}.Release|ARM.Build.0 = Release|Any CPU
		{5693EB56-2E24-4AC3-AA3E-B63491109FD8}.Release|iPhone.ActiveCfg = Release|Any CPU
		{5693EB56-2E24-4AC3-AA3E-B63491109FD8}.Release|iPhone.Build.0 = Release|Any CPU
		{5693EB56-2E24-4AC3-AA3E-B63491109FD8}.Release|iPhoneSimulator.ActiveCfg = Release|Any CPU
		{5693EB56-2E24-4AC3-AA3E-B63491109FD8}.Release|iPhoneSimulator.Build.0 = Release|Any CPU
		{5693EB56-2E24-4AC3-AA3E-B63491109FD8}.Release|x64.ActiveCfg = Release|Any CPU
		{5693EB56-2E24-4AC3-AA3E-B63491109FD8}.Release|x64.Build.0 = Release|Any CPU
		{5693EB56-2E24-4AC3-AA3E-B63491109FD8}.Release|x86.ActiveCfg = Release|Any CPU
		{5693EB56-2E24-4AC3-AA3E-B63491109FD8}.Release|x86.Build.0 = Release|Any CPU
	EndGlobalSection
	GlobalSection(SolutionProperties) = preSolution
		HideSolutionNode = FALSE
	EndGlobalSection
	GlobalSection(ExtensibilityGlobals) = postSolution
		SolutionGuid = {48A1CC11-9C6D-403B-8C69-57557D7946ED}
	EndGlobalSection
EndGlobal
